// !$*UTF8*$!
{
	archiveVersion = 1;
	classes = {
	};
	objectVersion = 50;
	objects = {

/* Begin PBXBuildFile section */
		48687CB82E0A7030B7F61990 /* Pods_Watch_WaffleHouseSearch_WatchKit_App.framework in Frameworks */ = {isa = PBXBuildFile; fileRef = A8B0A8ED2D9FF501617F5733 /* Pods_Watch_WaffleHouseSearch_WatchKit_App.framework */; };
		5E08479623BDB73300B2934F /* Watch_WaffleHouseSearch WatchKit App.app in Embed Watch Content */ = {isa = PBXBuildFile; fileRef = 5E08479523BDB73300B2934F /* Watch_WaffleHouseSearch WatchKit App.app */; settings = {ATTRIBUTES = (RemoveHeadersOnCopy, ); }; };
		5E08479C23BDB73300B2934F /* Interface.storyboard in Resources */ = {isa = PBXBuildFile; fileRef = 5E08479A23BDB73300B2934F /* Interface.storyboard */; };
		5E08479E23BDB73500B2934F /* Assets.xcassets in Resources */ = {isa = PBXBuildFile; fileRef = 5E08479D23BDB73500B2934F /* Assets.xcassets */; };
		5E0847A523BDB73600B2934F /* Watch_WaffleHouseSearch WatchKit Extension.appex in Embed App Extensions */ = {isa = PBXBuildFile; fileRef = 5E0847A423BDB73600B2934F /* Watch_WaffleHouseSearch WatchKit Extension.appex */; settings = {ATTRIBUTES = (RemoveHeadersOnCopy, ); }; };
		5E0847AA23BDB73600B2934F /* InterfaceController.swift in Sources */ = {isa = PBXBuildFile; fileRef = 5E0847A923BDB73600B2934F /* InterfaceController.swift */; };
		5E0847AC23BDB73600B2934F /* ExtensionDelegate.swift in Sources */ = {isa = PBXBuildFile; fileRef = 5E0847AB23BDB73600B2934F /* ExtensionDelegate.swift */; };
		5E0847AE23BDB73600B2934F /* NotificationController.swift in Sources */ = {isa = PBXBuildFile; fileRef = 5E0847AD23BDB73600B2934F /* NotificationController.swift */; };
		5E0847B023BDB73700B2934F /* Assets.xcassets in Resources */ = {isa = PBXBuildFile; fileRef = 5E0847AF23BDB73700B2934F /* Assets.xcassets */; };
		5E0847CD23BDCF2300B2934F /* TableInterfaceController.swift in Sources */ = {isa = PBXBuildFile; fileRef = 5E0847CC23BDCF2300B2934F /* TableInterfaceController.swift */; };
		5E0847CF23BDCF3B00B2934F /* DetailInterfaceController.swift in Sources */ = {isa = PBXBuildFile; fileRef = 5E0847CE23BDCF3B00B2934F /* DetailInterfaceController.swift */; };
		5E0847D123BDD1D700B2934F /* YelpAPI.swift in Sources */ = {isa = PBXBuildFile; fileRef = 5E0847D023BDD1D700B2934F /* YelpAPI.swift */; };
		5E0847D723BDD5F000B2934F /* WKInterfaceImage_Extension.swift in Sources */ = {isa = PBXBuildFile; fileRef = 5E0847D623BDD5F000B2934F /* WKInterfaceImage_Extension.swift */; };
		5E0847DD23BE67DB00B2934F /* TableRowCell.swift in Sources */ = {isa = PBXBuildFile; fileRef = 5E0847DC23BE67DB00B2934F /* TableRowCell.swift */; };
		6D56427187869D200E1EE512 /* Pods_Watch_WaffleHouseSearch_WatchKit_Extension.framework in Frameworks */ = {isa = PBXBuildFile; fileRef = 5B7D60518650929595F99A6F /* Pods_Watch_WaffleHouseSearch_WatchKit_Extension.framework */; };
		807E2A5C1BDFAEC498201F15 /* Pods_Watch_WaffleHouseSearch.framework in Frameworks */ = {isa = PBXBuildFile; fileRef = 4CC67615D92ED1F7DAF5925B /* Pods_Watch_WaffleHouseSearch.framework */; };
/* End PBXBuildFile section */

/* Begin PBXContainerItemProxy section */
		5E08479723BDB73300B2934F /* PBXContainerItemProxy */ = {
			isa = PBXContainerItemProxy;
			containerPortal = 5E08478B23BDB73300B2934F /* Project object */;
			proxyType = 1;
			remoteGlobalIDString = 5E08479423BDB73300B2934F;
			remoteInfo = "Watch_WaffleHouseSearch WatchKit App";
		};
		5E0847A623BDB73600B2934F /* PBXContainerItemProxy */ = {
			isa = PBXContainerItemProxy;
			containerPortal = 5E08478B23BDB73300B2934F /* Project object */;
			proxyType = 1;
			remoteGlobalIDString = 5E0847A323BDB73600B2934F;
			remoteInfo = "Watch_WaffleHouseSearch WatchKit Extension";
		};
/* End PBXContainerItemProxy section */

/* Begin PBXCopyFilesBuildPhase section */
		5E0847B823BDB73700B2934F /* Embed App Extensions */ = {
			isa = PBXCopyFilesBuildPhase;
			buildActionMask = 2147483647;
			dstPath = "";
			dstSubfolderSpec = 13;
			files = (
				5E0847A523BDB73600B2934F /* Watch_WaffleHouseSearch WatchKit Extension.appex in Embed App Extensions */,
			);
			name = "Embed App Extensions";
			runOnlyForDeploymentPostprocessing = 0;
		};
		5E0847BC23BDB73700B2934F /* Embed Watch Content */ = {
			isa = PBXCopyFilesBuildPhase;
			buildActionMask = 2147483647;
			dstPath = "$(CONTENTS_FOLDER_PATH)/Watch";
			dstSubfolderSpec = 16;
			files = (
				5E08479623BDB73300B2934F /* Watch_WaffleHouseSearch WatchKit App.app in Embed Watch Content */,
			);
			name = "Embed Watch Content";
			runOnlyForDeploymentPostprocessing = 0;
		};
/* End PBXCopyFilesBuildPhase section */

/* Begin PBXFileReference section */
		14976697BB2EB0D067D1BB6F /* Pods-Watch_WaffleHouseSearch WatchKit App.release.xcconfig */ = {isa = PBXFileReference; includeInIndex = 1; lastKnownFileType = text.xcconfig; name = "Pods-Watch_WaffleHouseSearch WatchKit App.release.xcconfig"; path = "Target Support Files/Pods-Watch_WaffleHouseSearch WatchKit App/Pods-Watch_WaffleHouseSearch WatchKit App.release.xcconfig"; sourceTree = "<group>"; };
		2D336859C25DF257A1D95F97 /* Pods-Watch_WaffleHouseSearch WatchKit Extension.debug.xcconfig */ = {isa = PBXFileReference; includeInIndex = 1; lastKnownFileType = text.xcconfig; name = "Pods-Watch_WaffleHouseSearch WatchKit Extension.debug.xcconfig"; path = "Target Support Files/Pods-Watch_WaffleHouseSearch WatchKit Extension/Pods-Watch_WaffleHouseSearch WatchKit Extension.debug.xcconfig"; sourceTree = "<group>"; };
		3EA64A89BC5102C8D27BF8D1 /* Pods-Watch_WaffleHouseSearch WatchKit App.debug.xcconfig */ = {isa = PBXFileReference; includeInIndex = 1; lastKnownFileType = text.xcconfig; name = "Pods-Watch_WaffleHouseSearch WatchKit App.debug.xcconfig"; path = "Target Support Files/Pods-Watch_WaffleHouseSearch WatchKit App/Pods-Watch_WaffleHouseSearch WatchKit App.debug.xcconfig"; sourceTree = "<group>"; };
		3F1F5793B314FB7530612D38 /* Pods-Watch_WaffleHouseSearch.debug.xcconfig */ = {isa = PBXFileReference; includeInIndex = 1; lastKnownFileType = text.xcconfig; name = "Pods-Watch_WaffleHouseSearch.debug.xcconfig"; path = "Target Support Files/Pods-Watch_WaffleHouseSearch/Pods-Watch_WaffleHouseSearch.debug.xcconfig"; sourceTree = "<group>"; };
		4CC67615D92ED1F7DAF5925B /* Pods_Watch_WaffleHouseSearch.framework */ = {isa = PBXFileReference; explicitFileType = wrapper.framework; includeInIndex = 0; path = Pods_Watch_WaffleHouseSearch.framework; sourceTree = BUILT_PRODUCTS_DIR; };
		5B7D60518650929595F99A6F /* Pods_Watch_WaffleHouseSearch_WatchKit_Extension.framework */ = {isa = PBXFileReference; explicitFileType = wrapper.framework; includeInIndex = 0; path = Pods_Watch_WaffleHouseSearch_WatchKit_Extension.framework; sourceTree = BUILT_PRODUCTS_DIR; };
		5E08479123BDB73300B2934F /* Watch_WaffleHouseSearch.app */ = {isa = PBXFileReference; explicitFileType = wrapper.application; includeInIndex = 0; path = Watch_WaffleHouseSearch.app; sourceTree = BUILT_PRODUCTS_DIR; };
		5E08479523BDB73300B2934F /* Watch_WaffleHouseSearch WatchKit App.app */ = {isa = PBXFileReference; explicitFileType = wrapper.application; includeInIndex = 0; path = "Watch_WaffleHouseSearch WatchKit App.app"; sourceTree = BUILT_PRODUCTS_DIR; };
		5E08479B23BDB73300B2934F /* Base */ = {isa = PBXFileReference; lastKnownFileType = file.storyboard; name = Base; path = Base.lproj/Interface.storyboard; sourceTree = "<group>"; };
		5E08479D23BDB73500B2934F /* Assets.xcassets */ = {isa = PBXFileReference; lastKnownFileType = folder.assetcatalog; path = Assets.xcassets; sourceTree = "<group>"; };
		5E08479F23BDB73500B2934F /* Info.plist */ = {isa = PBXFileReference; lastKnownFileType = text.plist.xml; path = Info.plist; sourceTree = "<group>"; };
		5E0847A423BDB73600B2934F /* Watch_WaffleHouseSearch WatchKit Extension.appex */ = {isa = PBXFileReference; explicitFileType = "wrapper.app-extension"; includeInIndex = 0; path = "Watch_WaffleHouseSearch WatchKit Extension.appex"; sourceTree = BUILT_PRODUCTS_DIR; };
		5E0847A923BDB73600B2934F /* InterfaceController.swift */ = {isa = PBXFileReference; lastKnownFileType = sourcecode.swift; path = InterfaceController.swift; sourceTree = "<group>"; };
		5E0847AB23BDB73600B2934F /* ExtensionDelegate.swift */ = {isa = PBXFileReference; lastKnownFileType = sourcecode.swift; path = ExtensionDelegate.swift; sourceTree = "<group>"; };
		5E0847AD23BDB73600B2934F /* NotificationController.swift */ = {isa = PBXFileReference; lastKnownFileType = sourcecode.swift; path = NotificationController.swift; sourceTree = "<group>"; };
		5E0847AF23BDB73700B2934F /* Assets.xcassets */ = {isa = PBXFileReference; lastKnownFileType = folder.assetcatalog; path = Assets.xcassets; sourceTree = "<group>"; };
		5E0847B123BDB73700B2934F /* Info.plist */ = {isa = PBXFileReference; lastKnownFileType = text.plist.xml; path = Info.plist; sourceTree = "<group>"; };
		5E0847B223BDB73700B2934F /* PushNotificationPayload.apns */ = {isa = PBXFileReference; lastKnownFileType = text; path = PushNotificationPayload.apns; sourceTree = "<group>"; };
		5E0847CC23BDCF2300B2934F /* TableInterfaceController.swift */ = {isa = PBXFileReference; lastKnownFileType = sourcecode.swift; path = TableInterfaceController.swift; sourceTree = "<group>"; };
		5E0847CE23BDCF3B00B2934F /* DetailInterfaceController.swift */ = {isa = PBXFileReference; lastKnownFileType = sourcecode.swift; path = DetailInterfaceController.swift; sourceTree = "<group>"; };
		5E0847D023BDD1D700B2934F /* YelpAPI.swift */ = {isa = PBXFileReference; fileEncoding = 4; lastKnownFileType = sourcecode.swift; path = YelpAPI.swift; sourceTree = "<group>"; };
		5E0847D623BDD5F000B2934F /* WKInterfaceImage_Extension.swift */ = {isa = PBXFileReference; fileEncoding = 4; lastKnownFileType = sourcecode.swift; path = WKInterfaceImage_Extension.swift; sourceTree = "<group>"; };
		5E0847DC23BE67DB00B2934F /* TableRowCell.swift */ = {isa = PBXFileReference; lastKnownFileType = sourcecode.swift; path = TableRowCell.swift; sourceTree = "<group>"; };
		897AB7746D4510A93E5447B2 /* Pods-Watch_WaffleHouseSearch WatchKit Extension.release.xcconfig */ = {isa = PBXFileReference; includeInIndex = 1; lastKnownFileType = text.xcconfig; name = "Pods-Watch_WaffleHouseSearch WatchKit Extension.release.xcconfig"; path = "Target Support Files/Pods-Watch_WaffleHouseSearch WatchKit Extension/Pods-Watch_WaffleHouseSearch WatchKit Extension.release.xcconfig"; sourceTree = "<group>"; };
		A8B0A8ED2D9FF501617F5733 /* Pods_Watch_WaffleHouseSearch_WatchKit_App.framework */ = {isa = PBXFileReference; explicitFileType = wrapper.framework; includeInIndex = 0; path = Pods_Watch_WaffleHouseSearch_WatchKit_App.framework; sourceTree = BUILT_PRODUCTS_DIR; };
		C3C52D02CF2BD2DD4A2A6645 /* Pods-Watch_WaffleHouseSearch.release.xcconfig */ = {isa = PBXFileReference; includeInIndex = 1; lastKnownFileType = text.xcconfig; name = "Pods-Watch_WaffleHouseSearch.release.xcconfig"; path = "Target Support Files/Pods-Watch_WaffleHouseSearch/Pods-Watch_WaffleHouseSearch.release.xcconfig"; sourceTree = "<group>"; };
/* End PBXFileReference section */

/* Begin PBXFrameworksBuildPhase section */
		1F50DD6F0220624FF18E8F7C /* Frameworks */ = {
			isa = PBXFrameworksBuildPhase;
			buildActionMask = 2147483647;
			files = (
				807E2A5C1BDFAEC498201F15 /* Pods_Watch_WaffleHouseSearch.framework in Frameworks */,
			);
			runOnlyForDeploymentPostprocessing = 0;
		};
		5E0847A123BDB73600B2934F /* Frameworks */ = {
			isa = PBXFrameworksBuildPhase;
			buildActionMask = 2147483647;
			files = (
				6D56427187869D200E1EE512 /* Pods_Watch_WaffleHouseSearch_WatchKit_Extension.framework in Frameworks */,
			);
			runOnlyForDeploymentPostprocessing = 0;
		};
		9C133E0D329017AAF6AC72AC /* Frameworks */ = {
			isa = PBXFrameworksBuildPhase;
			buildActionMask = 2147483647;
			files = (
				48687CB82E0A7030B7F61990 /* Pods_Watch_WaffleHouseSearch_WatchKit_App.framework in Frameworks */,
			);
			runOnlyForDeploymentPostprocessing = 0;
		};
/* End PBXFrameworksBuildPhase section */

/* Begin PBXGroup section */
		2EEB5EC15E91231B5E891AD3 /* Pods */ = {
			isa = PBXGroup;
			children = (
				3F1F5793B314FB7530612D38 /* Pods-Watch_WaffleHouseSearch.debug.xcconfig */,
				C3C52D02CF2BD2DD4A2A6645 /* Pods-Watch_WaffleHouseSearch.release.xcconfig */,
				3EA64A89BC5102C8D27BF8D1 /* Pods-Watch_WaffleHouseSearch WatchKit App.debug.xcconfig */,
				14976697BB2EB0D067D1BB6F /* Pods-Watch_WaffleHouseSearch WatchKit App.release.xcconfig */,
				2D336859C25DF257A1D95F97 /* Pods-Watch_WaffleHouseSearch WatchKit Extension.debug.xcconfig */,
				897AB7746D4510A93E5447B2 /* Pods-Watch_WaffleHouseSearch WatchKit Extension.release.xcconfig */,
			);
			name = Pods;
			path = Pods;
			sourceTree = "<group>";
		};
		5E08478A23BDB73300B2934F = {
			isa = PBXGroup;
			children = (
				5E08479923BDB73300B2934F /* Watch_WaffleHouseSearch WatchKit App */,
				5E0847A823BDB73600B2934F /* Watch_WaffleHouseSearch WatchKit Extension */,
				5E08479223BDB73300B2934F /* Products */,
				2EEB5EC15E91231B5E891AD3 /* Pods */,
				F1C17D25F65E1656AD64F4AF /* Frameworks */,
			);
			sourceTree = "<group>";
		};
		5E08479223BDB73300B2934F /* Products */ = {
			isa = PBXGroup;
			children = (
				5E08479123BDB73300B2934F /* Watch_WaffleHouseSearch.app */,
				5E08479523BDB73300B2934F /* Watch_WaffleHouseSearch WatchKit App.app */,
				5E0847A423BDB73600B2934F /* Watch_WaffleHouseSearch WatchKit Extension.appex */,
			);
			name = Products;
			sourceTree = "<group>";
		};
		5E08479923BDB73300B2934F /* Watch_WaffleHouseSearch WatchKit App */ = {
			isa = PBXGroup;
			children = (
				5E08479A23BDB73300B2934F /* Interface.storyboard */,
				5E08479D23BDB73500B2934F /* Assets.xcassets */,
				5E08479F23BDB73500B2934F /* Info.plist */,
			);
			path = "Watch_WaffleHouseSearch WatchKit App";
			sourceTree = "<group>";
		};
		5E0847A823BDB73600B2934F /* Watch_WaffleHouseSearch WatchKit Extension */ = {
			isa = PBXGroup;
			children = (
				5E0847A923BDB73600B2934F /* InterfaceController.swift */,
				5E0847CC23BDCF2300B2934F /* TableInterfaceController.swift */,
				5E0847DC23BE67DB00B2934F /* TableRowCell.swift */,
				5E0847CE23BDCF3B00B2934F /* DetailInterfaceController.swift */,
				5E0847D623BDD5F000B2934F /* WKInterfaceImage_Extension.swift */,
				5E0847D023BDD1D700B2934F /* YelpAPI.swift */,
				5E0847AB23BDB73600B2934F /* ExtensionDelegate.swift */,
				5E0847AD23BDB73600B2934F /* NotificationController.swift */,
				5E0847AF23BDB73700B2934F /* Assets.xcassets */,
				5E0847B123BDB73700B2934F /* Info.plist */,
				5E0847B223BDB73700B2934F /* PushNotificationPayload.apns */,
			);
			path = "Watch_WaffleHouseSearch WatchKit Extension";
			sourceTree = "<group>";
		};
		F1C17D25F65E1656AD64F4AF /* Frameworks */ = {
			isa = PBXGroup;
			children = (
				4CC67615D92ED1F7DAF5925B /* Pods_Watch_WaffleHouseSearch.framework */,
				A8B0A8ED2D9FF501617F5733 /* Pods_Watch_WaffleHouseSearch_WatchKit_App.framework */,
				5B7D60518650929595F99A6F /* Pods_Watch_WaffleHouseSearch_WatchKit_Extension.framework */,
			);
			name = Frameworks;
			sourceTree = "<group>";
		};
/* End PBXGroup section */

/* Begin PBXNativeTarget section */
		5E08479023BDB73300B2934F /* Watch_WaffleHouseSearch */ = {
			isa = PBXNativeTarget;
			buildConfigurationList = 5E0847BD23BDB73700B2934F /* Build configuration list for PBXNativeTarget "Watch_WaffleHouseSearch" */;
			buildPhases = (
				FD0B907401441FC959DCE8D9 /* [CP] Check Pods Manifest.lock */,
				5E08478F23BDB73300B2934F /* Resources */,
				5E0847BC23BDB73700B2934F /* Embed Watch Content */,
				1F50DD6F0220624FF18E8F7C /* Frameworks */,
			);
			buildRules = (
			);
			dependencies = (
				5E08479823BDB73300B2934F /* PBXTargetDependency */,
			);
			name = Watch_WaffleHouseSearch;
			productName = Watch_WaffleHouseSearch;
			productReference = 5E08479123BDB73300B2934F /* Watch_WaffleHouseSearch.app */;
			productType = "com.apple.product-type.application.watchapp2-container";
		};
		5E08479423BDB73300B2934F /* Watch_WaffleHouseSearch WatchKit App */ = {
			isa = PBXNativeTarget;
			buildConfigurationList = 5E0847B923BDB73700B2934F /* Build configuration list for PBXNativeTarget "Watch_WaffleHouseSearch WatchKit App" */;
			buildPhases = (
				08F39DD1BB1DD7D6012973D0 /* [CP] Check Pods Manifest.lock */,
				5E08479323BDB73300B2934F /* Resources */,
				5E0847B823BDB73700B2934F /* Embed App Extensions */,
				9C133E0D329017AAF6AC72AC /* Frameworks */,
			);
			buildRules = (
			);
			dependencies = (
				5E0847A723BDB73600B2934F /* PBXTargetDependency */,
			);
			name = "Watch_WaffleHouseSearch WatchKit App";
			productName = "Watch_WaffleHouseSearch WatchKit App";
			productReference = 5E08479523BDB73300B2934F /* Watch_WaffleHouseSearch WatchKit App.app */;
			productType = "com.apple.product-type.application.watchapp2";
		};
		5E0847A323BDB73600B2934F /* Watch_WaffleHouseSearch WatchKit Extension */ = {
			isa = PBXNativeTarget;
			buildConfigurationList = 5E0847B523BDB73700B2934F /* Build configuration list for PBXNativeTarget "Watch_WaffleHouseSearch WatchKit Extension" */;
			buildPhases = (
				C76696F77BFCAB1DB7FE8F95 /* [CP] Check Pods Manifest.lock */,
				5E0847A023BDB73600B2934F /* Sources */,
				5E0847A123BDB73600B2934F /* Frameworks */,
				5E0847A223BDB73600B2934F /* Resources */,
				6B883C2B318DAC6AB8CD0C73 /* [CP] Embed Pods Frameworks */,
			);
			buildRules = (
			);
			dependencies = (
			);
			name = "Watch_WaffleHouseSearch WatchKit Extension";
			productName = "Watch_WaffleHouseSearch WatchKit Extension";
			productReference = 5E0847A423BDB73600B2934F /* Watch_WaffleHouseSearch WatchKit Extension.appex */;
			productType = "com.apple.product-type.watchkit2-extension";
		};
/* End PBXNativeTarget section */

/* Begin PBXProject section */
		5E08478B23BDB73300B2934F /* Project object */ = {
			isa = PBXProject;
			attributes = {
				LastSwiftUpdateCheck = 1130;
				LastUpgradeCheck = 1130;
				ORGANIZATIONNAME = dirtbag;
				TargetAttributes = {
					5E08479023BDB73300B2934F = {
						CreatedOnToolsVersion = 11.3;
					};
					5E08479423BDB73300B2934F = {
						CreatedOnToolsVersion = 11.3;
					};
					5E0847A323BDB73600B2934F = {
						CreatedOnToolsVersion = 11.3;
					};
				};
			};
			buildConfigurationList = 5E08478E23BDB73300B2934F /* Build configuration list for PBXProject "Watch_WaffleHouseSearch" */;
			compatibilityVersion = "Xcode 9.3";
			developmentRegion = en;
			hasScannedForEncodings = 0;
			knownRegions = (
				en,
				Base,
			);
			mainGroup = 5E08478A23BDB73300B2934F;
			productRefGroup = 5E08479223BDB73300B2934F /* Products */;
			projectDirPath = "";
			projectRoot = "";
			targets = (
				5E08479023BDB73300B2934F /* Watch_WaffleHouseSearch */,
				5E08479423BDB73300B2934F /* Watch_WaffleHouseSearch WatchKit App */,
				5E0847A323BDB73600B2934F /* Watch_WaffleHouseSearch WatchKit Extension */,
			);
		};
/* End PBXProject section */

/* Begin PBXResourcesBuildPhase section */
		5E08478F23BDB73300B2934F /* Resources */ = {
			isa = PBXResourcesBuildPhase;
			buildActionMask = 2147483647;
			files = (
			);
			runOnlyForDeploymentPostprocessing = 0;
		};
		5E08479323BDB73300B2934F /* Resources */ = {
			isa = PBXResourcesBuildPhase;
			buildActionMask = 2147483647;
			files = (
				5E08479E23BDB73500B2934F /* Assets.xcassets in Resources */,
				5E08479C23BDB73300B2934F /* Interface.storyboard in Resources */,
			);
			runOnlyForDeploymentPostprocessing = 0;
		};
		5E0847A223BDB73600B2934F /* Resources */ = {
			isa = PBXResourcesBuildPhase;
			buildActionMask = 2147483647;
			files = (
				5E0847B023BDB73700B2934F /* Assets.xcassets in Resources */,
			);
			runOnlyForDeploymentPostprocessing = 0;
		};
/* End PBXResourcesBuildPhase section */

/* Begin PBXShellScriptBuildPhase section */
		08F39DD1BB1DD7D6012973D0 /* [CP] Check Pods Manifest.lock */ = {
			isa = PBXShellScriptBuildPhase;
			buildActionMask = 2147483647;
			files = (
			);
			inputFileListPaths = (
			);
			inputPaths = (
				"${PODS_PODFILE_DIR_PATH}/Podfile.lock",
				"${PODS_ROOT}/Manifest.lock",
			);
			name = "[CP] Check Pods Manifest.lock";
			outputFileListPaths = (
			);
			outputPaths = (
				"$(DERIVED_FILE_DIR)/Pods-Watch_WaffleHouseSearch WatchKit App-checkManifestLockResult.txt",
			);
			runOnlyForDeploymentPostprocessing = 0;
			shellPath = /bin/sh;
			shellScript = "diff \"${PODS_PODFILE_DIR_PATH}/Podfile.lock\" \"${PODS_ROOT}/Manifest.lock\" > /dev/null\nif [ $? != 0 ] ; then\n    # print error to STDERR\n    echo \"error: The sandbox is not in sync with the Podfile.lock. Run 'pod install' or update your CocoaPods installation.\" >&2\n    exit 1\nfi\n# This output is used by Xcode 'outputs' to avoid re-running this script phase.\necho \"SUCCESS\" > \"${SCRIPT_OUTPUT_FILE_0}\"\n";
			showEnvVarsInLog = 0;
		};
		6B883C2B318DAC6AB8CD0C73 /* [CP] Embed Pods Frameworks */ = {
			isa = PBXShellScriptBuildPhase;
			buildActionMask = 2147483647;
			files = (
			);
			inputFileListPaths = (
				"${PODS_ROOT}/Target Support Files/Pods-Watch_WaffleHouseSearch WatchKit Extension/Pods-Watch_WaffleHouseSearch WatchKit Extension-frameworks-${CONFIGURATION}-input-files.xcfilelist",
			);
			name = "[CP] Embed Pods Frameworks";
			outputFileListPaths = (
				"${PODS_ROOT}/Target Support Files/Pods-Watch_WaffleHouseSearch WatchKit Extension/Pods-Watch_WaffleHouseSearch WatchKit Extension-frameworks-${CONFIGURATION}-output-files.xcfilelist",
			);
			runOnlyForDeploymentPostprocessing = 0;
			shellPath = /bin/sh;
			shellScript = "\"${PODS_ROOT}/Target Support Files/Pods-Watch_WaffleHouseSearch WatchKit Extension/Pods-Watch_WaffleHouseSearch WatchKit Extension-frameworks.sh\"\n";
			showEnvVarsInLog = 0;
		};
		C76696F77BFCAB1DB7FE8F95 /* [CP] Check Pods Manifest.lock */ = {
			isa = PBXShellScriptBuildPhase;
			buildActionMask = 2147483647;
			files = (
			);
			inputFileListPaths = (
			);
			inputPaths = (
				"${PODS_PODFILE_DIR_PATH}/Podfile.lock",
				"${PODS_ROOT}/Manifest.lock",
			);
			name = "[CP] Check Pods Manifest.lock";
			outputFileListPaths = (
			);
			outputPaths = (
				"$(DERIVED_FILE_DIR)/Pods-Watch_WaffleHouseSearch WatchKit Extension-checkManifestLockResult.txt",
			);
			runOnlyForDeploymentPostprocessing = 0;
			shellPath = /bin/sh;
			shellScript = "diff \"${PODS_PODFILE_DIR_PATH}/Podfile.lock\" \"${PODS_ROOT}/Manifest.lock\" > /dev/null\nif [ $? != 0 ] ; then\n    # print error to STDERR\n    echo \"error: The sandbox is not in sync with the Podfile.lock. Run 'pod install' or update your CocoaPods installation.\" >&2\n    exit 1\nfi\n# This output is used by Xcode 'outputs' to avoid re-running this script phase.\necho \"SUCCESS\" > \"${SCRIPT_OUTPUT_FILE_0}\"\n";
			showEnvVarsInLog = 0;
		};
		FD0B907401441FC959DCE8D9 /* [CP] Check Pods Manifest.lock */ = {
			isa = PBXShellScriptBuildPhase;
			buildActionMask = 2147483647;
			files = (
			);
			inputFileListPaths = (
			);
			inputPaths = (
				"${PODS_PODFILE_DIR_PATH}/Podfile.lock",
				"${PODS_ROOT}/Manifest.lock",
			);
			name = "[CP] Check Pods Manifest.lock";
			outputFileListPaths = (
			);
			outputPaths = (
				"$(DERIVED_FILE_DIR)/Pods-Watch_WaffleHouseSearch-checkManifestLockResult.txt",
			);
			runOnlyForDeploymentPostprocessing = 0;
			shellPath = /bin/sh;
			shellScript = "diff \"${PODS_PODFILE_DIR_PATH}/Podfile.lock\" \"${PODS_ROOT}/Manifest.lock\" > /dev/null\nif [ $? != 0 ] ; then\n    # print error to STDERR\n    echo \"error: The sandbox is not in sync with the Podfile.lock. Run 'pod install' or update your CocoaPods installation.\" >&2\n    exit 1\nfi\n# This output is used by Xcode 'outputs' to avoid re-running this script phase.\necho \"SUCCESS\" > \"${SCRIPT_OUTPUT_FILE_0}\"\n";
			showEnvVarsInLog = 0;
		};
/* End PBXShellScriptBuildPhase section */

/* Begin PBXSourcesBuildPhase section */
		5E0847A023BDB73600B2934F /* Sources */ = {
			isa = PBXSourcesBuildPhase;
			buildActionMask = 2147483647;
			files = (
				5E0847CD23BDCF2300B2934F /* TableInterfaceController.swift in Sources */,
				5E0847AE23BDB73600B2934F /* NotificationController.swift in Sources */,
				5E0847D723BDD5F000B2934F /* WKInterfaceImage_Extension.swift in Sources */,
				5E0847AC23BDB73600B2934F /* ExtensionDelegate.swift in Sources */,
				5E0847CF23BDCF3B00B2934F /* DetailInterfaceController.swift in Sources */,
				5E0847D123BDD1D700B2934F /* YelpAPI.swift in Sources */,
				5E0847DD23BE67DB00B2934F /* TableRowCell.swift in Sources */,
				5E0847AA23BDB73600B2934F /* InterfaceController.swift in Sources */,
			);
			runOnlyForDeploymentPostprocessing = 0;
		};
/* End PBXSourcesBuildPhase section */

/* Begin PBXTargetDependency section */
		5E08479823BDB73300B2934F /* PBXTargetDependency */ = {
			isa = PBXTargetDependency;
			target = 5E08479423BDB73300B2934F /* Watch_WaffleHouseSearch WatchKit App */;
			targetProxy = 5E08479723BDB73300B2934F /* PBXContainerItemProxy */;
		};
		5E0847A723BDB73600B2934F /* PBXTargetDependency */ = {
			isa = PBXTargetDependency;
			target = 5E0847A323BDB73600B2934F /* Watch_WaffleHouseSearch WatchKit Extension */;
			targetProxy = 5E0847A623BDB73600B2934F /* PBXContainerItemProxy */;
		};
/* End PBXTargetDependency section */

/* Begin PBXVariantGroup section */
		5E08479A23BDB73300B2934F /* Interface.storyboard */ = {
			isa = PBXVariantGroup;
			children = (
				5E08479B23BDB73300B2934F /* Base */,
			);
			name = Interface.storyboard;
			sourceTree = "<group>";
		};
/* End PBXVariantGroup section */

/* Begin XCBuildConfiguration section */
		5E0847B323BDB73700B2934F /* Debug */ = {
			isa = XCBuildConfiguration;
			buildSettings = {
				ALWAYS_SEARCH_USER_PATHS = NO;
				CLANG_ANALYZER_NONNULL = YES;
				CLANG_ANALYZER_NUMBER_OBJECT_CONVERSION = YES_AGGRESSIVE;
				CLANG_CXX_LANGUAGE_STANDARD = "gnu++14";
				CLANG_CXX_LIBRARY = "libc++";
				CLANG_ENABLE_MODULES = YES;
				CLANG_ENABLE_OBJC_ARC = YES;
				CLANG_ENABLE_OBJC_WEAK = YES;
				CLANG_WARN_BLOCK_CAPTURE_AUTORELEASING = YES;
				CLANG_WARN_BOOL_CONVERSION = YES;
				CLANG_WARN_COMMA = YES;
				CLANG_WARN_CONSTANT_CONVERSION = YES;
				CLANG_WARN_DEPRECATED_OBJC_IMPLEMENTATIONS = YES;
				CLANG_WARN_DIRECT_OBJC_ISA_USAGE = YES_ERROR;
				CLANG_WARN_DOCUMENTATION_COMMENTS = YES;
				CLANG_WARN_EMPTY_BODY = YES;
				CLANG_WARN_ENUM_CONVERSION = YES;
				CLANG_WARN_INFINITE_RECURSION = YES;
				CLANG_WARN_INT_CONVERSION = YES;
				CLANG_WARN_NON_LITERAL_NULL_CONVERSION = YES;
				CLANG_WARN_OBJC_IMPLICIT_RETAIN_SELF = YES;
				CLANG_WARN_OBJC_LITERAL_CONVERSION = YES;
				CLANG_WARN_OBJC_ROOT_CLASS = YES_ERROR;
				CLANG_WARN_RANGE_LOOP_ANALYSIS = YES;
				CLANG_WARN_STRICT_PROTOTYPES = YES;
				CLANG_WARN_SUSPICIOUS_MOVE = YES;
				CLANG_WARN_UNGUARDED_AVAILABILITY = YES_AGGRESSIVE;
				CLANG_WARN_UNREACHABLE_CODE = YES;
				CLANG_WARN__DUPLICATE_METHOD_MATCH = YES;
				COPY_PHASE_STRIP = NO;
				DEBUG_INFORMATION_FORMAT = dwarf;
				ENABLE_STRICT_OBJC_MSGSEND = YES;
				ENABLE_TESTABILITY = YES;
				GCC_C_LANGUAGE_STANDARD = gnu11;
				GCC_DYNAMIC_NO_PIC = NO;
				GCC_NO_COMMON_BLOCKS = YES;
				GCC_OPTIMIZATION_LEVEL = 0;
				GCC_PREPROCESSOR_DEFINITIONS = (
					"DEBUG=1",
					"$(inherited)",
				);
				GCC_WARN_64_TO_32_BIT_CONVERSION = YES;
				GCC_WARN_ABOUT_RETURN_TYPE = YES_ERROR;
				GCC_WARN_UNDECLARED_SELECTOR = YES;
				GCC_WARN_UNINITIALIZED_AUTOS = YES_AGGRESSIVE;
				GCC_WARN_UNUSED_FUNCTION = YES;
				GCC_WARN_UNUSED_VARIABLE = YES;
				MTL_ENABLE_DEBUG_INFO = INCLUDE_SOURCE;
				MTL_FAST_MATH = YES;
				ONLY_ACTIVE_ARCH = YES;
				SDKROOT = iphoneos;
				SWIFT_ACTIVE_COMPILATION_CONDITIONS = DEBUG;
				SWIFT_OPTIMIZATION_LEVEL = "-Onone";
			};
			name = Debug;
		};
		5E0847B423BDB73700B2934F /* Release */ = {
			isa = XCBuildConfiguration;
			buildSettings = {
				ALWAYS_SEARCH_USER_PATHS = NO;
				CLANG_ANALYZER_NONNULL = YES;
				CLANG_ANALYZER_NUMBER_OBJECT_CONVERSION = YES_AGGRESSIVE;
				CLANG_CXX_LANGUAGE_STANDARD = "gnu++14";
				CLANG_CXX_LIBRARY = "libc++";
				CLANG_ENABLE_MODULES = YES;
				CLANG_ENABLE_OBJC_ARC = YES;
				CLANG_ENABLE_OBJC_WEAK = YES;
				CLANG_WARN_BLOCK_CAPTURE_AUTORELEASING = YES;
				CLANG_WARN_BOOL_CONVERSION = YES;
				CLANG_WARN_COMMA = YES;
				CLANG_WARN_CONSTANT_CONVERSION = YES;
				CLANG_WARN_DEPRECATED_OBJC_IMPLEMENTATIONS = YES;
				CLANG_WARN_DIRECT_OBJC_ISA_USAGE = YES_ERROR;
				CLANG_WARN_DOCUMENTATION_COMMENTS = YES;
				CLANG_WARN_EMPTY_BODY = YES;
				CLANG_WARN_ENUM_CONVERSION = YES;
				CLANG_WARN_INFINITE_RECURSION = YES;
				CLANG_WARN_INT_CONVERSION = YES;
				CLANG_WARN_NON_LITERAL_NULL_CONVERSION = YES;
				CLANG_WARN_OBJC_IMPLICIT_RETAIN_SELF = YES;
				CLANG_WARN_OBJC_LITERAL_CONVERSION = YES;
				CLANG_WARN_OBJC_ROOT_CLASS = YES_ERROR;
				CLANG_WARN_RANGE_LOOP_ANALYSIS = YES;
				CLANG_WARN_STRICT_PROTOTYPES = YES;
				CLANG_WARN_SUSPICIOUS_MOVE = YES;
				CLANG_WARN_UNGUARDED_AVAILABILITY = YES_AGGRESSIVE;
				CLANG_WARN_UNREACHABLE_CODE = YES;
				CLANG_WARN__DUPLICATE_METHOD_MATCH = YES;
				COPY_PHASE_STRIP = NO;
				DEBUG_INFORMATION_FORMAT = "dwarf-with-dsym";
				ENABLE_NS_ASSERTIONS = NO;
				ENABLE_STRICT_OBJC_MSGSEND = YES;
				GCC_C_LANGUAGE_STANDARD = gnu11;
				GCC_NO_COMMON_BLOCKS = YES;
				GCC_WARN_64_TO_32_BIT_CONVERSION = YES;
				GCC_WARN_ABOUT_RETURN_TYPE = YES_ERROR;
				GCC_WARN_UNDECLARED_SELECTOR = YES;
				GCC_WARN_UNINITIALIZED_AUTOS = YES_AGGRESSIVE;
				GCC_WARN_UNUSED_FUNCTION = YES;
				GCC_WARN_UNUSED_VARIABLE = YES;
				MTL_ENABLE_DEBUG_INFO = NO;
				MTL_FAST_MATH = YES;
				SDKROOT = iphoneos;
				SWIFT_COMPILATION_MODE = wholemodule;
				SWIFT_OPTIMIZATION_LEVEL = "-O";
				VALIDATE_PRODUCT = YES;
			};
			name = Release;
		};
		5E0847B623BDB73700B2934F /* Debug */ = {
			isa = XCBuildConfiguration;
			baseConfigurationReference = 2D336859C25DF257A1D95F97 /* Pods-Watch_WaffleHouseSearch WatchKit Extension.debug.xcconfig */;
			buildSettings = {
				ASSETCATALOG_COMPILER_COMPLICATION_NAME = Complication;
				CODE_SIGN_STYLE = Automatic;
				INFOPLIST_FILE = "Watch_WaffleHouseSearch WatchKit Extension/Info.plist";
				LD_RUNPATH_SEARCH_PATHS = (
					"$(inherited)",
					"@executable_path/Frameworks",
					"@executable_path/../../Frameworks",
				);
				PRODUCT_BUNDLE_IDENTIFIER = "com.mcgoldricksolutions.Watch-WaffleHouseSearch.watchkitapp.watchkitextension";
				PRODUCT_NAME = "${TARGET_NAME}";
				SDKROOT = watchos;
				SKIP_INSTALL = YES;
				SWIFT_VERSION = 5.0;
				TARGETED_DEVICE_FAMILY = 4;
				WATCHOS_DEPLOYMENT_TARGET = 6.1;
			};
			name = Debug;
		};
		5E0847B723BDB73700B2934F /* Release */ = {
			isa = XCBuildConfiguration;
			baseConfigurationReference = 897AB7746D4510A93E5447B2 /* Pods-Watch_WaffleHouseSearch WatchKit Extension.release.xcconfig */;
			buildSettings = {
				ASSETCATALOG_COMPILER_COMPLICATION_NAME = Complication;
				CODE_SIGN_STYLE = Automatic;
				INFOPLIST_FILE = "Watch_WaffleHouseSearch WatchKit Extension/Info.plist";
				LD_RUNPATH_SEARCH_PATHS = (
					"$(inherited)",
					"@executable_path/Frameworks",
					"@executable_path/../../Frameworks",
				);
				PRODUCT_BUNDLE_IDENTIFIER = "com.mcgoldricksolutions.Watch-WaffleHouseSearch.watchkitapp.watchkitextension";
				PRODUCT_NAME = "${TARGET_NAME}";
				SDKROOT = watchos;
				SKIP_INSTALL = YES;
				SWIFT_VERSION = 5.0;
				TARGETED_DEVICE_FAMILY = 4;
				WATCHOS_DEPLOYMENT_TARGET = 6.1;
			};
			name = Release;
		};
		5E0847BA23BDB73700B2934F /* Debug */ = {
			isa = XCBuildConfiguration;
			baseConfigurationReference = 3EA64A89BC5102C8D27BF8D1 /* Pods-Watch_WaffleHouseSearch WatchKit App.debug.xcconfig */;
			buildSettings = {
				ALWAYS_EMBED_SWIFT_STANDARD_LIBRARIES = YES;
				ASSETCATALOG_COMPILER_APPICON_NAME = AppIcon;
				CODE_SIGN_STYLE = Automatic;
				IBSC_MODULE = Watch_WaffleHouseSearch_WatchKit_Extension;
				INFOPLIST_FILE = "Watch_WaffleHouseSearch WatchKit App/Info.plist";
				PRODUCT_BUNDLE_IDENTIFIER = "com.mcgoldricksolutions.Watch-WaffleHouseSearch.watchkitapp";
				PRODUCT_NAME = "$(TARGET_NAME)";
				SDKROOT = watchos;
				SKIP_INSTALL = YES;
				SWIFT_VERSION = 5.0;
				TARGETED_DEVICE_FAMILY = 4;
				WATCHOS_DEPLOYMENT_TARGET = 6.1;
			};
			name = Debug;
		};
		5E0847BB23BDB73700B2934F /* Release */ = {
			isa = XCBuildConfiguration;
			baseConfigurationReference = 14976697BB2EB0D067D1BB6F /* Pods-Watch_WaffleHouseSearch WatchKit App.release.xcconfig */;
			buildSettings = {
				ALWAYS_EMBED_SWIFT_STANDARD_LIBRARIES = YES;
				ASSETCATALOG_COMPILER_APPICON_NAME = AppIcon;
				CODE_SIGN_STYLE = Automatic;
				IBSC_MODULE = Watch_WaffleHouseSearch_WatchKit_Extension;
				INFOPLIST_FILE = "Watch_WaffleHouseSearch WatchKit App/Info.plist";
				PRODUCT_BUNDLE_IDENTIFIER = "com.mcgoldricksolutions.Watch-WaffleHouseSearch.watchkitapp";
				PRODUCT_NAME = "$(TARGET_NAME)";
				SDKROOT = watchos;
				SKIP_INSTALL = YES;
				SWIFT_VERSION = 5.0;
				TARGETED_DEVICE_FAMILY = 4;
				WATCHOS_DEPLOYMENT_TARGET = 6.1;
			};
			name = Release;
		};
		5E0847BE23BDB73700B2934F /* Debug */ = {
			isa = XCBuildConfiguration;
			baseConfigurationReference = 3F1F5793B314FB7530612D38 /* Pods-Watch_WaffleHouseSearch.debug.xcconfig */;
			buildSettings = {
				CODE_SIGN_STYLE = Automatic;
				CURRENT_PROJECT_VERSION = 1;
				MARKETING_VERSION = 1.0;
				PRODUCT_BUNDLE_IDENTIFIER = "com.mcgoldricksolutions.Watch-WaffleHouseSearch";
				PRODUCT_NAME = "$(TARGET_NAME)";
				SWIFT_VERSION = 5.0;
			};
			name = Debug;
		};
		5E0847BF23BDB73700B2934F /* Release */ = {
			isa = XCBuildConfiguration;
			baseConfigurationReference = C3C52D02CF2BD2DD4A2A6645 /* Pods-Watch_WaffleHouseSearch.release.xcconfig */;
			buildSettings = {
				CODE_SIGN_STYLE = Automatic;
				CURRENT_PROJECT_VERSION = 1;
				MARKETING_VERSION = 1.0;
				PRODUCT_BUNDLE_IDENTIFIER = "com.mcgoldricksolutions.Watch-WaffleHouseSearch";
				PRODUCT_NAME = "$(TARGET_NAME)";
				SWIFT_VERSION = 5.0;
			};
			name = Release;
		};
/* End XCBuildConfiguration section */

/* Begin XCConfigurationList section */
		5E08478E23BDB73300B2934F /* Build configuration list for PBXProject "Watch_WaffleHouseSearch" */ = {
			isa = XCConfigurationList;
			buildConfigurations = (
				5E0847B323BDB73700B2934F /* Debug */,
				5E0847B423BDB73700B2934F /* Release */,
			);
			defaultConfigurationIsVisible = 0;
			defaultConfigurationName = Release;
		};
		5E0847B523BDB73700B2934F /* Build configuration list for PBXNativeTarget "Watch_WaffleHouseSearch WatchKit Extension" */ = {
			isa = XCConfigurationList;
			buildConfigurations = (
				5E0847B623BDB73700B2934F /* Debug */,
				5E0847B723BDB73700B2934F /* Release */,
			);
			defaultConfigurationIsVisible = 0;
			defaultConfigurationName = Release;
		};
		5E0847B923BDB73700B2934F /* Build configuration list for PBXNativeTarget "Watch_WaffleHouseSearch WatchKit App" */ = {
			isa = XCConfigurationList;
			buildConfigurations = (
				5E0847BA23BDB73700B2934F /* Debug */,
				5E0847BB23BDB73700B2934F /* Release */,
			);
			defaultConfigurationIsVisible = 0;
			defaultConfigurationName = Release;
		};
		5E0847BD23BDB73700B2934F /* Build configuration list for PBXNativeTarget "Watch_WaffleHouseSearch" */ = {
			isa = XCConfigurationList;
			buildConfigurations = (
				5E0847BE23BDB73700B2934F /* Debug */,
				5E0847BF23BDB73700B2934F /* Release */,
			);
			defaultConfigurationIsVisible = 0;
			defaultConfigurationName = Release;
		};
/* End XCConfigurationList section */
	};
	rootObject = 5E08478B23BDB73300B2934F /* Project object */;
}
